
Microsoft Visual Studio Solution File, Format Version 12.00
# Visual Studio Version 17
VisualStudioVersion = 17.0.31919.166
MinimumVisualStudioVersion = 10.0.40219.1
Project("{9A19103F-16F7-4668-BE54-9A1E7A4F7556}") = "Day01", "Day01\Day01.csproj", "{3E0C6A85-2A22-48A8-9A53-AEDC5B031FDC}"
EndProject
Project("{9A19103F-16F7-4668-BE54-9A1E7A4F7556}") = "Day02", "Day02\Day02.csproj", "{7CBBB471-E7B4-4E0A-BBB7-7A65F298E424}"
EndProject
Project("{9A19103F-16F7-4668-BE54-9A1E7A4F7556}") = "Day03", "Day03\Day03.csproj", "{64BD6F22-4E12-4E21-B034-A9B67D9D63A6}"
EndProject
Project("{9A19103F-16F7-4668-BE54-9A1E7A4F7556}") = "Day04", "Day04\Day04.csproj", "{5E42A7DA-2917-4C95-9596-7ACE39C981D6}"
EndProject
Project("{9A19103F-16F7-4668-BE54-9A1E7A4F7556}") = "Day05", "Day05\Day05.csproj", "{DC088330-B7A7-49B8-B1AC-55158557F25C}"
EndProject
Project("{9A19103F-16F7-4668-BE54-9A1E7A4F7556}") = "Day06", "Day06\Day06.csproj", "{CB0D5582-FCAB-4851-B9B7-7256A92C4891}"
EndProject
Project("{9A19103F-16F7-4668-BE54-9A1E7A4F7556}") = "Day07", "Day07\Day07.csproj", "{7D331ABF-5CAB-41F0-BD3F-07E8975B24B3}"
EndProject
Project("{9A19103F-16F7-4668-BE54-9A1E7A4F7556}") = "Day08", "Day08\Day08.csproj", "{586B385D-FD28-4ECD-A555-0DC8C9309934}"
EndProject
Project("{9A19103F-16F7-4668-BE54-9A1E7A4F7556}") = "Day09", "Day09\Day09.csproj", "{F07DB584-C414-4DB6-9978-31EE390170C6}"
EndProject
Project("{9A19103F-16F7-4668-BE54-9A1E7A4F7556}") = "Day10", "Day10\Day10.csproj", "{C8806DFC-8000-4A17-B775-F2C97CC5A43C}"
EndProject
Project("{FAE04EC0-301F-11D3-BF4B-00C04F79EFBC}") = "Day11", "Day11\Day11.csproj", "{FF5FD14C-7226-42DB-8CE1-20B0564F1EA8}"
EndProject
Global
	GlobalSection(SolutionConfigurationPlatforms) = preSolution
		Debug|Any CPU = Debug|Any CPU
		Release|Any CPU = Release|Any CPU
	EndGlobalSection
	GlobalSection(ProjectConfigurationPlatforms) = postSolution
		{3E0C6A85-2A22-48A8-9A53-AEDC5B031FDC}.Debug|Any CPU.ActiveCfg = Debug|Any CPU
		{3E0C6A85-2A22-48A8-9A53-AEDC5B031FDC}.Debug|Any CPU.Build.0 = Debug|Any CPU
		{3E0C6A85-2A22-48A8-9A53-AEDC5B031FDC}.Release|Any CPU.ActiveCfg = Release|Any CPU
		{3E0C6A85-2A22-48A8-9A53-AEDC5B031FDC}.Release|Any CPU.Build.0 = Release|Any CPU
		{7CBBB471-E7B4-4E0A-BBB7-7A65F298E424}.Debug|Any CPU.ActiveCfg = Debug|Any CPU
		{7CBBB471-E7B4-4E0A-BBB7-7A65F298E424}.Debug|Any CPU.Build.0 = Debug|Any CPU
		{7CBBB471-E7B4-4E0A-BBB7-7A65F298E424}.Release|Any CPU.ActiveCfg = Release|Any CPU
		{7CBBB471-E7B4-4E0A-BBB7-7A65F298E424}.Release|Any CPU.Build.0 = Release|Any CPU
		{64BD6F22-4E12-4E21-B034-A9B67D9D63A6}.Debug|Any CPU.ActiveCfg = Debug|Any CPU
		{64BD6F22-4E12-4E21-B034-A9B67D9D63A6}.Debug|Any CPU.Build.0 = Debug|Any CPU
		{64BD6F22-4E12-4E21-B034-A9B67D9D63A6}.Release|Any CPU.ActiveCfg = Release|Any CPU
		{64BD6F22-4E12-4E21-B034-A9B67D9D63A6}.Release|Any CPU.Build.0 = Release|Any CPU
		{5E42A7DA-2917-4C95-9596-7ACE39C981D6}.Debug|Any CPU.ActiveCfg = Debug|Any CPU
		{5E42A7DA-2917-4C95-9596-7ACE39C981D6}.Debug|Any CPU.Build.0 = Debug|Any CPU
		{5E42A7DA-2917-4C95-9596-7ACE39C981D6}.Release|Any CPU.ActiveCfg = Release|Any CPU
		{5E42A7DA-2917-4C95-9596-7ACE39C981D6}.Release|Any CPU.Build.0 = Release|Any CPU
		{DC088330-B7A7-49B8-B1AC-55158557F25C}.Debug|Any CPU.ActiveCfg = Debug|Any CPU
		{DC088330-B7A7-49B8-B1AC-55158557F25C}.Debug|Any CPU.Build.0 = Debug|Any CPU
		{DC088330-B7A7-49B8-B1AC-55158557F25C}.Release|Any CPU.ActiveCfg = Release|Any CPU
		{DC088330-B7A7-49B8-B1AC-55158557F25C}.Release|Any CPU.Build.0 = Release|Any CPU
		{CB0D5582-FCAB-4851-B9B7-7256A92C4891}.Debug|Any CPU.ActiveCfg = Debug|Any CPU
		{CB0D5582-FCAB-4851-B9B7-7256A92C4891}.Debug|Any CPU.Build.0 = Debug|Any CPU
		{CB0D5582-FCAB-4851-B9B7-7256A92C4891}.Release|Any CPU.ActiveCfg = Release|Any CPU
		{CB0D5582-FCAB-4851-B9B7-7256A92C4891}.Release|Any CPU.Build.0 = Release|Any CPU
		{7D331ABF-5CAB-41F0-BD3F-07E8975B24B3}.Debug|Any CPU.ActiveCfg = Debug|Any CPU
		{7D331ABF-5CAB-41F0-BD3F-07E8975B24B3}.Debug|Any CPU.Build.0 = Debug|Any CPU
		{7D331ABF-5CAB-41F0-BD3F-07E8975B24B3}.Release|Any CPU.ActiveCfg = Release|Any CPU
		{7D331ABF-5CAB-41F0-BD3F-07E8975B24B3}.Release|Any CPU.Build.0 = Release|Any CPU
		{586B385D-FD28-4ECD-A555-0DC8C9309934}.Debug|Any CPU.ActiveCfg = Debug|Any CPU
		{586B385D-FD28-4ECD-A555-0DC8C9309934}.Debug|Any CPU.Build.0 = Debug|Any CPU
		{586B385D-FD28-4ECD-A555-0DC8C9309934}.Release|Any CPU.ActiveCfg = Release|Any CPU
		{586B385D-FD28-4ECD-A555-0DC8C9309934}.Release|Any CPU.Build.0 = Release|Any CPU
		{F07DB584-C414-4DB6-9978-31EE390170C6}.Debug|Any CPU.ActiveCfg = Debug|Any CPU
		{F07DB584-C414-4DB6-9978-31EE390170C6}.Debug|Any CPU.Build.0 = Debug|Any CPU
		{F07DB584-C414-4DB6-9978-31EE390170C6}.Release|Any CPU.ActiveCfg = Release|Any CPU
		{F07DB584-C414-4DB6-9978-31EE390170C6}.Release|Any CPU.Build.0 = Release|Any CPU
		{C8806DFC-8000-4A17-B775-F2C97CC5A43C}.Debug|Any CPU.ActiveCfg = Debug|Any CPU
		{C8806DFC-8000-4A17-B775-F2C97CC5A43C}.Debug|Any CPU.Build.0 = Debug|Any CPU
		{C8806DFC-8000-4A17-B775-F2C97CC5A43C}.Release|Any CPU.ActiveCfg = Release|Any CPU
		{C8806DFC-8000-4A17-B775-F2C97CC5A43C}.Release|Any CPU.Build.0 = Release|Any CPU
		{FF5FD14C-7226-42DB-8CE1-20B0564F1EA8}.Debug|Any CPU.ActiveCfg = Debug|Any CPU
		{FF5FD14C-7226-42DB-8CE1-20B0564F1EA8}.Debug|Any CPU.Build.0 = Debug|Any CPU
		{FF5FD14C-7226-42DB-8CE1-20B0564F1EA8}.Release|Any CPU.ActiveCfg = Release|Any CPU
		{FF5FD14C-7226-42DB-8CE1-20B0564F1EA8}.Release|Any CPU.Build.0 = Release|Any CPU
	EndGlobalSection
	GlobalSection(SolutionProperties) = preSolution
		HideSolutionNode = FALSE
	EndGlobalSection
	GlobalSection(ExtensibilityGlobals) = postSolution
		SolutionGuid = {D13E5223-E1A4-4B26-8C3D-9C97A12B79B3}
	EndGlobalSection
EndGlobal
